
Microsoft Visual Studio Solution File, Format Version 12.00
# Visual Studio Version 17
VisualStudioVersion = 17.1.31903.286
MinimumVisualStudioVersion = 10.0.40219.1
Project("{FAE04EC0-301F-11D3-BF4B-00C04F79EFBC}") = "FapClient.Core", "FapClient.Core\FapClient.Core.csproj", "{34FCAF31-73C3-4DA9-A0CF-E4B48356D293}"
EndProject
Project("{FAE04EC0-301F-11D3-BF4B-00C04F79EFBC}") = "FapClient.GUI", "FapClient.GUI\FapClient.GUI.csproj", "{BB43C14E-A5C7-442D-BBF4-8FEA0897FC0B}"
EndProject
Project("{FAE04EC0-301F-11D3-BF4B-00C04F79EFBC}") = "FapClient.Service", "FapClient.Service\FapClient.Service.csproj", "{440DE5FD-6FF8-466C-B7B0-D53D374D6F43}"
EndProject
Global
	GlobalSection(SolutionConfigurationPlatforms) = preSolution
		Debug|Any CPU = Debug|Any CPU
		Release|Any CPU = Release|Any CPU
	EndGlobalSection
	GlobalSection(ProjectConfigurationPlatforms) = postSolution
		{34FCAF31-73C3-4DA9-A0CF-E4B48356D293}.Debug|Any CPU.ActiveCfg = Debug|Any CPU
		{34FCAF31-73C3-4DA9-A0CF-E4B48356D293}.Debug|Any CPU.Build.0 = Debug|Any CPU
		{34FCAF31-73C3-4DA9-A0CF-E4B48356D293}.Release|Any CPU.ActiveCfg = Release|Any CPU
		{34FCAF31-73C3-4DA9-A0CF-E4B48356D293}.Release|Any CPU.Build.0 = Release|Any CPU
		{BB43C14E-A5C7-442D-BBF4-8FEA0897FC0B}.Debug|Any CPU.ActiveCfg = Debug|Any CPU
		{BB43C14E-A5C7-442D-BBF4-8FEA0897FC0B}.Debug|Any CPU.Build.0 = Debug|Any CPU
		{BB43C14E-A5C7-442D-BBF4-8FEA0897FC0B}.Release|Any CPU.ActiveCfg = Release|Any CPU
		{BB43C14E-A5C7-442D-BBF4-8FEA0897FC0B}.Release|Any CPU.Build.0 = Release|Any CPU
		{440DE5FD-6FF8-466C-B7B0-D53D374D6F43}.Debug|Any CPU.ActiveCfg = Debug|Any CPU
		{440DE5FD-6FF8-466C-B7B0-D53D374D6F43}.Debug|Any CPU.Build.0 = Debug|Any CPU
		{440DE5FD-6FF8-466C-B7B0-D53D374D6F43}.Release|Any CPU.ActiveCfg = Release|Any CPU
		{440DE5FD-6FF8-466C-B7B0-D53D374D6F43}.Release|Any CPU.Build.0 = Release|Any CPU
	EndGlobalSection
	GlobalSection(SolutionProperties) = preSolution
		HideSolutionNode = FALSE
	EndGlobalSection
	GlobalSection(ExtensibilityGlobals) = postSolution
		SolutionGuid = {A7CDFD55-E312-46A9-8736-514E786CD5EC}
	EndGlobalSection
EndGlobal
